{
  "version": 4,
  "terraform_version": "1.0.0",
  "serial": 28,
  "lineage": "44b6396c-bbf2-34bc-a738-7cfa2222a5f7",
  "outputs": {},
  "resources": [
    {
      "mode": "data",
      "type": "azurerm_client_config",
      "name": "current",
      "provider": "provider[\"registry.terraform.io/hashicorp/azurerm\"]",
      "instances": [
        {
          "schema_version": 0,
          "attributes": {
            "client_id": "04b07795-8ddb-461a-bbee-02f9e1bf7b46",
            "id": "2022-07-26 20:33:30.598766 +0000 UTC",
            "object_id": "00d76ca8-c681-484f-88c1-bf118683ac82",
            "subscription_id": "902c478a-63e4-4cc4-99b8-e7e5a9ae31c0",
            "tenant_id": "43c1317b-df8e-4866-8b79-a4f228953a5d",
            "timeouts": null
          },
          "sensitive_attributes": []
        }
      ]
    },
    {
      "module": "module.cosmosdb_account",
      "mode": "managed",
      "type": "azurerm_cosmosdb_account",
      "name": "db",
      "provider": "provider[\"registry.terraform.io/hashicorp/azurerm\"]",
      "instances": [
        {
          "schema_version": 0,
          "attributes": {
            "access_key_metadata_writes_enabled": true,
            "analytical_storage": [
              {
                "schema_type": "FullFidelity"
              }
            ],
            "analytical_storage_enabled": false,
            "backup": [
              {
                "interval_in_minutes": 240,
                "retention_in_hours": 8,
                "storage_redundancy": "Geo",
                "type": "Periodic"
              }
            ],
            "capabilities": [
              {
                "name": "EnableAggregationPipeline"
              },
              {
                "name": "EnableMongo"
              },
              {
                "name": "MongoDBv3.4"
              },
              {
                "name": "mongoEnableDocLevelTTL"
              }
            ],
            "capacity": [],
            "connection_strings": [
              "mongodb://techslate-ade-cosmosdb:nLiWPz246MYxazLvYpb4zX0Fh50kJOwKB3eLZ33dCzqg2uj2d0Nt7ChdOuew3FK7mKuNfKbYvpWGT3JNYt8dqA==@techslate-ade-cosmosdb.mongo.cosmos.azure.com:10255/?ssl=true\u0026replicaSet=globaldb\u0026retrywrites=false\u0026maxIdleTimeMS=120000\u0026appName=@techslate-ade-cosmosdb@",
              "mongodb://techslate-ade-cosmosdb:mquLGSD5KS7lDtImGXgQZsQPPn03I3IOb29AaKf5POl2OKs7ZJNCJtItqX2KehmLXB9enZw2i0CuJODzMJGdrw==@techslate-ade-cosmosdb.mongo.cosmos.azure.com:10255/?ssl=true\u0026replicaSet=globaldb\u0026retrywrites=false\u0026maxIdleTimeMS=120000\u0026appName=@techslate-ade-cosmosdb@",
              "mongodb://techslate-ade-cosmosdb:PcdTleGoVRsLuvm8JayjrmRFBzo2W8dswblXrsWqvWIHW33ZD9GRqAtdo6E5os8xaTEyIzEa3Q2SEjVVQ7fodA==@techslate-ade-cosmosdb.mongo.cosmos.azure.com:10255/?ssl=true\u0026replicaSet=globaldb\u0026retrywrites=false\u0026maxIdleTimeMS=120000\u0026appName=@techslate-ade-cosmosdb@",
              "mongodb://techslate-ade-cosmosdb:pizLqTdD0NvOs5QnCOd1wgjR7g0XskbiXWgOsnbgbJyCdJ3WLmd4IkEencj8QdE8SpVgVyNLuEzrOnVthGvXGw==@techslate-ade-cosmosdb.mongo.cosmos.azure.com:10255/?ssl=true\u0026replicaSet=globaldb\u0026retrywrites=false\u0026maxIdleTimeMS=120000\u0026appName=@techslate-ade-cosmosdb@"
            ],
            "consistency_policy": [
              {
                "consistency_level": "BoundedStaleness",
                "max_interval_in_seconds": 300,
                "max_staleness_prefix": 100000
              }
            ],
            "cors_rule": [],
            "create_mode": "",
            "default_identity_type": "FirstPartyIdentity",
            "enable_automatic_failover": true,
            "enable_free_tier": false,
            "enable_multiple_write_locations": false,
            "endpoint": "https://techslate-ade-cosmosdb.documents.azure.com:443/",
            "geo_location": [
              {
                "failover_priority": 0,
                "id": "techslate-ade-cosmosdb-westus",
                "location": "westus",
                "zone_redundant": false
              },
              {
                "failover_priority": 1,
                "id": "techslate-ade-cosmosdb-eastus",
                "location": "eastus",
                "zone_redundant": false
              }
            ],
            "id": "/subscriptions/902c478a-63e4-4cc4-99b8-e7e5a9ae31c0/resourceGroups/techslate-ade-rg/providers/Microsoft.DocumentDB/databaseAccounts/techslate-ade-cosmosdb",
            "identity": [],
            "ip_range_filter": "",
            "is_virtual_network_filter_enabled": false,
            "key_vault_key_id": null,
            "kind": "MongoDB",
            "local_authentication_disabled": false,
            "location": "northeurope",
            "mongo_server_version": "3.6",
            "name": "techslate-ade-cosmosdb",
            "network_acl_bypass_for_azure_services": false,
            "network_acl_bypass_ids": [],
            "offer_type": "Standard",
            "primary_key": "nLiWPz246MYxazLvYpb4zX0Fh50kJOwKB3eLZ33dCzqg2uj2d0Nt7ChdOuew3FK7mKuNfKbYvpWGT3JNYt8dqA==",
            "primary_readonly_key": "PcdTleGoVRsLuvm8JayjrmRFBzo2W8dswblXrsWqvWIHW33ZD9GRqAtdo6E5os8xaTEyIzEa3Q2SEjVVQ7fodA==",
            "public_network_access_enabled": true,
            "read_endpoints": [
              "https://techslate-ade-cosmosdb-westus.documents.azure.com:443/",
              "https://techslate-ade-cosmosdb-eastus.documents.azure.com:443/"
            ],
            "resource_group_name": "techslate-ade-rg",
            "restore": [],
            "secondary_key": "mquLGSD5KS7lDtImGXgQZsQPPn03I3IOb29AaKf5POl2OKs7ZJNCJtItqX2KehmLXB9enZw2i0CuJODzMJGdrw==",
            "secondary_readonly_key": "pizLqTdD0NvOs5QnCOd1wgjR7g0XskbiXWgOsnbgbJyCdJ3WLmd4IkEencj8QdE8SpVgVyNLuEzrOnVthGvXGw==",
            "tags": {},
            "timeouts": null,
            "virtual_network_rule": [],
            "write_endpoints": [
              "https://techslate-ade-cosmosdb-westus.documents.azure.com:443/"
            ]
          },
          "sensitive_attributes": [],
          "private": "eyJlMmJmYjczMC1lY2FhLTExZTYtOGY4OC0zNDM2M2JjN2M0YzAiOnsiY3JlYXRlIjoxMDgwMDAwMDAwMDAwMCwiZGVsZXRlIjoxMDgwMDAwMDAwMDAwMCwicmVhZCI6MzAwMDAwMDAwMDAwLCJ1cGRhdGUiOjEwODAwMDAwMDAwMDAwfX0=",
          "dependencies": [
            "module.key_vault.azurerm_key_vault_access_policy.key_vault_access_policy",
            "module.resource_group.azurerm_resource_group.example",
            "data.azurerm_client_config.current",
            "module.key_vault.azurerm_key_vault.key_vault"
          ]
        }
      ]
    },
    {
      "module": "module.key_vault",
      "mode": "managed",
      "type": "azurerm_key_vault",
      "name": "key_vault",
      "provider": "provider[\"registry.terraform.io/hashicorp/azurerm\"]",
      "instances": [
        {
          "schema_version": 2,
          "attributes": {
            "access_policy": [
              {
                "application_id": "",
                "certificate_permissions": [],
                "key_permissions": [
                  "List"
                ],
                "object_id": "00d76ca8-c681-484f-88c1-bf118683ac82",
                "secret_permissions": [
                  "Get",
                  "List",
                  "Set",
                  "Delete",
                  "Purge"
                ],
                "storage_permissions": [],
                "tenant_id": "43c1317b-df8e-4866-8b79-a4f228953a5d"
              }
            ],
            "contact": [],
            "enable_rbac_authorization": false,
            "enabled_for_deployment": false,
            "enabled_for_disk_encryption": true,
            "enabled_for_template_deployment": false,
            "id": "/subscriptions/902c478a-63e4-4cc4-99b8-e7e5a9ae31c0/resourceGroups/techslate-ade-rg/providers/Microsoft.KeyVault/vaults/techslate-ade-kv001",
            "location": "northeurope",
            "name": "techslate-ade-kv001",
            "network_acls": [
              {
                "bypass": "AzureServices",
                "default_action": "Allow",
                "ip_rules": [],
                "virtual_network_subnet_ids": []
              }
            ],
            "purge_protection_enabled": false,
            "resource_group_name": "techslate-ade-rg",
            "sku_name": "standard",
            "soft_delete_retention_days": 7,
            "tags": {},
            "tenant_id": "43c1317b-df8e-4866-8b79-a4f228953a5d",
            "timeouts": null,
            "vault_uri": "https://techslate-ade-kv001.vault.azure.net/"
          },
          "sensitive_attributes": [],
          "private": "eyJlMmJmYjczMC1lY2FhLTExZTYtOGY4OC0zNDM2M2JjN2M0YzAiOnsiY3JlYXRlIjoxODAwMDAwMDAwMDAwLCJkZWxldGUiOjE4MDAwMDAwMDAwMDAsInJlYWQiOjMwMDAwMDAwMDAwMCwidXBkYXRlIjoxODAwMDAwMDAwMDAwfSwic2NoZW1hX3ZlcnNpb24iOiIyIn0=",
          "dependencies": [
            "data.azurerm_client_config.current",
            "module.resource_group.azurerm_resource_group.example"
          ]
        }
      ]
    },
    {
      "module": "module.key_vault",
      "mode": "managed",
      "type": "azurerm_key_vault_access_policy",
      "name": "key_vault_access_policy",
      "provider": "provider[\"registry.terraform.io/hashicorp/azurerm\"]",
      "instances": [
        {
          "schema_version": 0,
          "attributes": {
            "application_id": "",
            "certificate_permissions": [],
            "id": "/subscriptions/902c478a-63e4-4cc4-99b8-e7e5a9ae31c0/resourceGroups/techslate-ade-rg/providers/Microsoft.KeyVault/vaults/techslate-ade-kv001/objectId/00d76ca8-c681-484f-88c1-bf118683ac82",
            "key_permissions": [
              "List"
            ],
            "key_vault_id": "/subscriptions/902c478a-63e4-4cc4-99b8-e7e5a9ae31c0/resourceGroups/techslate-ade-rg/providers/Microsoft.KeyVault/vaults/techslate-ade-kv001",
            "object_id": "00d76ca8-c681-484f-88c1-bf118683ac82",
            "secret_permissions": [
              "Get",
              "List",
              "Set",
              "Delete",
              "Purge"
            ],
            "storage_permissions": [],
            "tenant_id": "43c1317b-df8e-4866-8b79-a4f228953a5d",
            "timeouts": null
          },
          "sensitive_attributes": [],
          "private": "eyJlMmJmYjczMC1lY2FhLTExZTYtOGY4OC0zNDM2M2JjN2M0YzAiOnsiY3JlYXRlIjoxODAwMDAwMDAwMDAwLCJkZWxldGUiOjE4MDAwMDAwMDAwMDAsInJlYWQiOjMwMDAwMDAwMDAwMCwidXBkYXRlIjoxODAwMDAwMDAwMDAwfX0=",
          "dependencies": [
            "data.azurerm_client_config.current",
            "module.key_vault.azurerm_key_vault.key_vault",
            "module.resource_group.azurerm_resource_group.example"
          ]
        }
      ]
    },
    {
      "module": "module.key_vault_secret",
      "mode": "managed",
      "type": "azurerm_key_vault_secret",
      "name": "key_vault_secret",
      "provider": "provider[\"registry.terraform.io/hashicorp/azurerm\"]",
      "instances": [
        {
          "index_key": "cosmos-db-primary-key",
          "schema_version": 0,
          "attributes": {
            "content_type": "",
            "expiration_date": null,
            "id": "https://techslate-ade-kv001.vault.azure.net/secrets/cosmos-db-primary-key/4c0c7ec51d4d4ca9b96cf926a3399861",
            "key_vault_id": "/subscriptions/902c478a-63e4-4cc4-99b8-e7e5a9ae31c0/resourceGroups/techslate-ade-rg/providers/Microsoft.KeyVault/vaults/techslate-ade-kv001",
            "name": "cosmos-db-primary-key",
            "not_before_date": null,
            "resource_id": "/subscriptions/902c478a-63e4-4cc4-99b8-e7e5a9ae31c0/resourceGroups/techslate-ade-rg/providers/Microsoft.KeyVault/vaults/techslate-ade-kv001/secrets/cosmos-db-primary-key/versions/4c0c7ec51d4d4ca9b96cf926a3399861",
            "resource_versionless_id": "/subscriptions/902c478a-63e4-4cc4-99b8-e7e5a9ae31c0/resourceGroups/techslate-ade-rg/providers/Microsoft.KeyVault/vaults/techslate-ade-kv001/secrets/cosmos-db-primary-key",
            "tags": {},
            "timeouts": null,
            "value": "nLiWPz246MYxazLvYpb4zX0Fh50kJOwKB3eLZ33dCzqg2uj2d0Nt7ChdOuew3FK7mKuNfKbYvpWGT3JNYt8dqA==",
            "version": "4c0c7ec51d4d4ca9b96cf926a3399861",
            "versionless_id": "https://techslate-ade-kv001.vault.azure.net/secrets/cosmos-db-primary-key"
          },
          "sensitive_attributes": [
            [
              {
                "type": "get_attr",
                "value": "value"
              }
            ]
          ],
          "private": "eyJlMmJmYjczMC1lY2FhLTExZTYtOGY4OC0zNDM2M2JjN2M0YzAiOnsiY3JlYXRlIjoxODAwMDAwMDAwMDAwLCJkZWxldGUiOjE4MDAwMDAwMDAwMDAsInJlYWQiOjMwMDAwMDAwMDAwMCwidXBkYXRlIjoxODAwMDAwMDAwMDAwfX0=",
          "dependencies": [
            "module.key_vault.azurerm_key_vault.key_vault",
            "module.key_vault.azurerm_key_vault_access_policy.key_vault_access_policy",
            "module.resource_group.azurerm_resource_group.example",
            "data.azurerm_client_config.current",
            "module.cosmosdb_account.azurerm_cosmosdb_account.db"
          ]
        },
        {
          "index_key": "cosmos-db-secondary-key",
          "schema_version": 0,
          "attributes": {
            "content_type": "",
            "expiration_date": null,
            "id": "https://techslate-ade-kv001.vault.azure.net/secrets/cosmos-db-secondary-key/2a2fe5610c92489ebe4c34f5b852aaa6",
            "key_vault_id": "/subscriptions/902c478a-63e4-4cc4-99b8-e7e5a9ae31c0/resourceGroups/techslate-ade-rg/providers/Microsoft.KeyVault/vaults/techslate-ade-kv001",
            "name": "cosmos-db-secondary-key",
            "not_before_date": null,
            "resource_id": "/subscriptions/902c478a-63e4-4cc4-99b8-e7e5a9ae31c0/resourceGroups/techslate-ade-rg/providers/Microsoft.KeyVault/vaults/techslate-ade-kv001/secrets/cosmos-db-secondary-key/versions/2a2fe5610c92489ebe4c34f5b852aaa6",
            "resource_versionless_id": "/subscriptions/902c478a-63e4-4cc4-99b8-e7e5a9ae31c0/resourceGroups/techslate-ade-rg/providers/Microsoft.KeyVault/vaults/techslate-ade-kv001/secrets/cosmos-db-secondary-key",
            "tags": null,
            "timeouts": null,
            "value": "mquLGSD5KS7lDtImGXgQZsQPPn03I3IOb29AaKf5POl2OKs7ZJNCJtItqX2KehmLXB9enZw2i0CuJODzMJGdrw==",
            "version": "2a2fe5610c92489ebe4c34f5b852aaa6",
            "versionless_id": "https://techslate-ade-kv001.vault.azure.net/secrets/cosmos-db-secondary-key"
          },
          "sensitive_attributes": [
            [
              {
                "type": "get_attr",
                "value": "value"
              }
            ]
          ],
          "private": "eyJlMmJmYjczMC1lY2FhLTExZTYtOGY4OC0zNDM2M2JjN2M0YzAiOnsiY3JlYXRlIjoxODAwMDAwMDAwMDAwLCJkZWxldGUiOjE4MDAwMDAwMDAwMDAsInJlYWQiOjMwMDAwMDAwMDAwMCwidXBkYXRlIjoxODAwMDAwMDAwMDAwfX0=",
          "dependencies": [
            "data.azurerm_client_config.current",
            "module.cosmosdb_account.azurerm_cosmosdb_account.db",
            "module.key_vault.azurerm_key_vault.key_vault",
            "module.key_vault.azurerm_key_vault_access_policy.key_vault_access_policy",
            "module.resource_group.azurerm_resource_group.example"
          ]
        }
      ]
    },
    {
      "module": "module.key_vault_secret",
      "mode": "managed",
      "type": "random_password",
      "name": "random_password",
      "provider": "provider[\"registry.terraform.io/hashicorp/random\"]",
      "instances": [
        {
          "schema_version": 2,
          "attributes": {
            "bcrypt_hash": "$2a$10$dKZMUQ6jlhaMCgemxPL.D.GC6OlZIWa1iy3OCfKEA5ijJs0yzzmN6",
            "id": "none",
            "keepers": null,
            "length": 20,
            "lower": true,
            "min_lower": 0,
            "min_numeric": 0,
            "min_special": 0,
            "min_upper": 0,
            "number": true,
            "numeric": true,
            "override_special": null,
            "result": "L!]H3Le2)]6I*N\u003cy#7Ex",
            "special": true,
            "upper": true
          },
          "sensitive_attributes": [],
          "private": "eyJzY2hlbWFfdmVyc2lvbiI6IjIifQ==",
          "dependencies": [
            "data.azurerm_client_config.current",
            "module.cosmosdb_account.azurerm_cosmosdb_account.db",
            "module.key_vault.azurerm_key_vault.key_vault",
            "module.key_vault.azurerm_key_vault_access_policy.key_vault_access_policy",
            "module.resource_group.azurerm_resource_group.example"
          ]
        }
      ]
    },
    {
      "module": "module.resource_group",
      "mode": "managed",
      "type": "azurerm_resource_group",
      "name": "example",
      "provider": "provider[\"registry.terraform.io/hashicorp/azurerm\"]",
      "instances": [
        {
          "schema_version": 0,
          "attributes": {
            "id": "/subscriptions/902c478a-63e4-4cc4-99b8-e7e5a9ae31c0/resourceGroups/techslate-ade-rg",
            "location": "northeurope",
            "name": "techslate-ade-rg",
            "tags": {
              "cost": "163",
              "dept": "finance",
              "env": "dev",
              "source": "terraform"
            },
            "timeouts": null
          },
          "sensitive_attributes": [],
          "private": "eyJlMmJmYjczMC1lY2FhLTExZTYtOGY4OC0zNDM2M2JjN2M0YzAiOnsiY3JlYXRlIjo1NDAwMDAwMDAwMDAwLCJkZWxldGUiOjU0MDAwMDAwMDAwMDAsInJlYWQiOjMwMDAwMDAwMDAwMCwidXBkYXRlIjo1NDAwMDAwMDAwMDAwfX0="
        }
      ]
    }
  ]
}
